
Microsoft Visual Studio Solution File, Format Version 12.00
# Visual Studio 14
VisualStudioVersion = 14.0.25123.0
MinimumVisualStudioVersion = 10.0.40219.1
Project("{FAE04EC0-301F-11D3-BF4B-00C04F79EFBC}") = "Zhuang.Word", "Zhuang.Word\Zhuang.Word.csproj", "{AA8BED05-5AF8-4055-987C-6724AEB2C06D}"
EndProject
Project("{FAE04EC0-301F-11D3-BF4B-00C04F79EFBC}") = "Zhuang.Word.Test", "Zhuang.Word.Test\Zhuang.Word.Test.csproj", "{512A370A-028B-48DA-9AE7-245049B3B5D5}"
EndProject
Global
	GlobalSection(SolutionConfigurationPlatforms) = preSolution
		Debug|Any CPU = Debug|Any CPU
		Release|Any CPU = Release|Any CPU
	EndGlobalSection
	GlobalSection(ProjectConfigurationPlatforms) = postSolution
		{AA8BED05-5AF8-4055-987C-6724AEB2C06D}.Debug|Any CPU.ActiveCfg = Debug|Any CPU
		{AA8BED05-5AF8-4055-987C-6724AEB2C06D}.Debug|Any CPU.Build.0 = Debug|Any CPU
		{AA8BED05-5AF8-4055-987C-6724AEB2C06D}.Release|Any CPU.ActiveCfg = Release|Any CPU
		{AA8BED05-5AF8-4055-987C-6724AEB2C06D}.Release|Any CPU.Build.0 = Release|Any CPU
		{512A370A-028B-48DA-9AE7-245049B3B5D5}.Debug|Any CPU.ActiveCfg = Debug|Any CPU
		{512A370A-028B-48DA-9AE7-245049B3B5D5}.Debug|Any CPU.Build.0 = Debug|Any CPU
		{512A370A-028B-48DA-9AE7-245049B3B5D5}.Release|Any CPU.ActiveCfg = Release|Any CPU
		{512A370A-028B-48DA-9AE7-245049B3B5D5}.Release|Any CPU.Build.0 = Release|Any CPU
	EndGlobalSection
	GlobalSection(SolutionProperties) = preSolution
		HideSolutionNode = FALSE
	EndGlobalSection
EndGlobal
